
Microsoft Visual Studio Solution File, Format Version 12.00
# Visual Studio Version 16
VisualStudioVersion = 16.0.30002.166
MinimumVisualStudioVersion = 10.0.40219.1
Project("{FAE04EC0-301F-11D3-BF4B-00C04F79EFBC}") = "Almacen.WebApi", "Almacen.WebApi\Almacen.WebApi.csproj", "{5E4FBE09-67B6-4BA9-B6C5-1F9E1EAD6A08}"
EndProject
Project("{FAE04EC0-301F-11D3-BF4B-00C04F79EFBC}") = "Almacen.DataMapper", "Almacen.Data\Almacen.DataMapper.csproj", "{F24B3C77-9894-4DD2-A2B9-E082F6B46E18}"
EndProject
Project("{FAE04EC0-301F-11D3-BF4B-00C04F79EFBC}") = "Almacen.Entities", "Almacen.Entities\Almacen.Entities.csproj", "{C5AAFD7F-7AE8-4477-A91A-29C1A8C468B5}"
EndProject
Project("{FAE04EC0-301F-11D3-BF4B-00C04F79EFBC}") = "Almacen.BussinesLogic", "Almacen.BussinesLogic\Almacen.BussinesLogic.csproj", "{3EA87E24-F66C-4114-BB70-F3351D3A2FB8}"
EndProject
Global
	GlobalSection(SolutionConfigurationPlatforms) = preSolution
		Debug|Any CPU = Debug|Any CPU
		Release|Any CPU = Release|Any CPU
	EndGlobalSection
	GlobalSection(ProjectConfigurationPlatforms) = postSolution
		{5E4FBE09-67B6-4BA9-B6C5-1F9E1EAD6A08}.Debug|Any CPU.ActiveCfg = Debug|Any CPU
		{5E4FBE09-67B6-4BA9-B6C5-1F9E1EAD6A08}.Debug|Any CPU.Build.0 = Debug|Any CPU
		{5E4FBE09-67B6-4BA9-B6C5-1F9E1EAD6A08}.Release|Any CPU.ActiveCfg = Release|Any CPU
		{5E4FBE09-67B6-4BA9-B6C5-1F9E1EAD6A08}.Release|Any CPU.Build.0 = Release|Any CPU
		{F24B3C77-9894-4DD2-A2B9-E082F6B46E18}.Debug|Any CPU.ActiveCfg = Debug|Any CPU
		{F24B3C77-9894-4DD2-A2B9-E082F6B46E18}.Debug|Any CPU.Build.0 = Debug|Any CPU
		{F24B3C77-9894-4DD2-A2B9-E082F6B46E18}.Release|Any CPU.ActiveCfg = Release|Any CPU
		{F24B3C77-9894-4DD2-A2B9-E082F6B46E18}.Release|Any CPU.Build.0 = Release|Any CPU
		{C5AAFD7F-7AE8-4477-A91A-29C1A8C468B5}.Debug|Any CPU.ActiveCfg = Debug|Any CPU
		{C5AAFD7F-7AE8-4477-A91A-29C1A8C468B5}.Debug|Any CPU.Build.0 = Debug|Any CPU
		{C5AAFD7F-7AE8-4477-A91A-29C1A8C468B5}.Release|Any CPU.ActiveCfg = Release|Any CPU
		{C5AAFD7F-7AE8-4477-A91A-29C1A8C468B5}.Release|Any CPU.Build.0 = Release|Any CPU
		{3EA87E24-F66C-4114-BB70-F3351D3A2FB8}.Debug|Any CPU.ActiveCfg = Debug|Any CPU
		{3EA87E24-F66C-4114-BB70-F3351D3A2FB8}.Debug|Any CPU.Build.0 = Debug|Any CPU
		{3EA87E24-F66C-4114-BB70-F3351D3A2FB8}.Release|Any CPU.ActiveCfg = Release|Any CPU
		{3EA87E24-F66C-4114-BB70-F3351D3A2FB8}.Release|Any CPU.Build.0 = Release|Any CPU
	EndGlobalSection
	GlobalSection(SolutionProperties) = preSolution
		HideSolutionNode = FALSE
	EndGlobalSection
	GlobalSection(ExtensibilityGlobals) = postSolution
		SolutionGuid = {72959B7A-F29F-4609-9E17-FC5157F2DC4A}
	EndGlobalSection
EndGlobal
